
Microsoft Visual Studio Solution File, Format Version 12.00
# Visual Studio Version 17
VisualStudioVersion = 17.1.32421.90
MinimumVisualStudioVersion = 10.0.40219.1
Project("{FAE04EC0-301F-11D3-BF4B-00C04F79EFBC}") = "CabInvoiceGenerator", "CabInvoiceGenerator\CabInvoiceGenerator.csproj", "{927442D2-365C-4915-9F1C-B0E747AEC510}"
EndProject
Project("{FAE04EC0-301F-11D3-BF4B-00C04F79EFBC}") = "CabInvoiceGenTestProject", "CabInvoiceGenTestProject\CabInvoiceGenTestProject.csproj", "{0CDC78E4-8BD4-465A-A5A4-ACCEF7B9F66A}"
EndProject
Global
	GlobalSection(SolutionConfigurationPlatforms) = preSolution
		Debug|Any CPU = Debug|Any CPU
		Release|Any CPU = Release|Any CPU
	EndGlobalSection
	GlobalSection(ProjectConfigurationPlatforms) = postSolution
		{927442D2-365C-4915-9F1C-B0E747AEC510}.Debug|Any CPU.ActiveCfg = Debug|Any CPU
		{927442D2-365C-4915-9F1C-B0E747AEC510}.Debug|Any CPU.Build.0 = Debug|Any CPU
		{927442D2-365C-4915-9F1C-B0E747AEC510}.Release|Any CPU.ActiveCfg = Release|Any CPU
		{927442D2-365C-4915-9F1C-B0E747AEC510}.Release|Any CPU.Build.0 = Release|Any CPU
		{0CDC78E4-8BD4-465A-A5A4-ACCEF7B9F66A}.Debug|Any CPU.ActiveCfg = Debug|Any CPU
		{0CDC78E4-8BD4-465A-A5A4-ACCEF7B9F66A}.Debug|Any CPU.Build.0 = Debug|Any CPU
		{0CDC78E4-8BD4-465A-A5A4-ACCEF7B9F66A}.Release|Any CPU.ActiveCfg = Release|Any CPU
		{0CDC78E4-8BD4-465A-A5A4-ACCEF7B9F66A}.Release|Any CPU.Build.0 = Release|Any CPU
	EndGlobalSection
	GlobalSection(SolutionProperties) = preSolution
		HideSolutionNode = FALSE
	EndGlobalSection
	GlobalSection(ExtensibilityGlobals) = postSolution
		SolutionGuid = {44F02D56-743A-4EB0-89B6-451FFBE39CF6}
	EndGlobalSection
EndGlobal
